
Microsoft Visual Studio Solution File, Format Version 12.00
# Visual Studio Version 17
VisualStudioVersion = 17.11.35222.181
MinimumVisualStudioVersion = 10.0.40219.1
Project("{FAE04EC0-301F-11D3-BF4B-00C04F79EFBC}") = "WbApp", "WbApp.csproj", "{0BBE8C38-E234-4903-BE44-72F7356FDC70}"
EndProject
Global
	GlobalSection(SolutionConfigurationPlatforms) = preSolution
		Debug|Any CPU = Debug|Any CPU
		Release|Any CPU = Release|Any CPU
	EndGlobalSection
	GlobalSection(ProjectConfigurationPlatforms) = postSolution
		{0BBE8C38-E234-4903-BE44-72F7356FDC70}.Debug|Any CPU.ActiveCfg = Debug|Any CPU
		{0BBE8C38-E234-4903-BE44-72F7356FDC70}.Debug|Any CPU.Build.0 = Debug|Any CPU
		{0BBE8C38-E234-4903-BE44-72F7356FDC70}.Release|Any CPU.ActiveCfg = Release|Any CPU
		{0BBE8C38-E234-4903-BE44-72F7356FDC70}.Release|Any CPU.Build.0 = Release|Any CPU
	EndGlobalSection
	GlobalSection(SolutionProperties) = preSolution
		HideSolutionNode = FALSE
	EndGlobalSection
	GlobalSection(ExtensibilityGlobals) = postSolution
		SolutionGuid = {11263AC5-9D6C-49F0-8BD8-319C7E7AF730}
	EndGlobalSection
EndGlobal
